
Microsoft Visual Studio Solution File, Format Version 12.00
# Visual Studio Version 17
VisualStudioVersion = 17.7.34031.279
MinimumVisualStudioVersion = 10.0.40219.1
Project("{FAE04EC0-301F-11D3-BF4B-00C04F79EFBC}") = "TP5ex1", "TP5ex1.csproj", "{43135CA9-2241-4A73-93B8-E33F6AAC15C8}"
EndProject
Global
	GlobalSection(SolutionConfigurationPlatforms) = preSolution
		Debug|Any CPU = Debug|Any CPU
		Release|Any CPU = Release|Any CPU
	EndGlobalSection
	GlobalSection(ProjectConfigurationPlatforms) = postSolution
		{43135CA9-2241-4A73-93B8-E33F6AAC15C8}.Debug|Any CPU.ActiveCfg = Debug|Any CPU
		{43135CA9-2241-4A73-93B8-E33F6AAC15C8}.Debug|Any CPU.Build.0 = Debug|Any CPU
		{43135CA9-2241-4A73-93B8-E33F6AAC15C8}.Release|Any CPU.ActiveCfg = Release|Any CPU
		{43135CA9-2241-4A73-93B8-E33F6AAC15C8}.Release|Any CPU.Build.0 = Release|Any CPU
	EndGlobalSection
	GlobalSection(SolutionProperties) = preSolution
		HideSolutionNode = FALSE
	EndGlobalSection
	GlobalSection(ExtensibilityGlobals) = postSolution
		SolutionGuid = {61C9BE2F-0D81-47E3-952D-C6397D615FAD}
	EndGlobalSection
EndGlobal
