
Microsoft Visual Studio Solution File, Format Version 12.00
# Visual Studio Version 17
VisualStudioVersion = 17.7.34031.279
MinimumVisualStudioVersion = 10.0.40219.1
Project("{FAE04EC0-301F-11D3-BF4B-00C04F79EFBC}") = "TP5ex2", "TP5ex2.csproj", "{F5171480-3828-47D9-B1EF-6D104BF2E12B}"
EndProject
Project("{FAE04EC0-301F-11D3-BF4B-00C04F79EFBC}") = "bdfront", "..\bdfront\bdfront.csproj", "{E1FC69CB-8DF5-4630-ADE3-163871370B61}"
EndProject
Global
	GlobalSection(SolutionConfigurationPlatforms) = preSolution
		Debug|Any CPU = Debug|Any CPU
		Release|Any CPU = Release|Any CPU
	EndGlobalSection
	GlobalSection(ProjectConfigurationPlatforms) = postSolution
		{F5171480-3828-47D9-B1EF-6D104BF2E12B}.Debug|Any CPU.ActiveCfg = Debug|Any CPU
		{F5171480-3828-47D9-B1EF-6D104BF2E12B}.Debug|Any CPU.Build.0 = Debug|Any CPU
		{F5171480-3828-47D9-B1EF-6D104BF2E12B}.Release|Any CPU.ActiveCfg = Release|Any CPU
		{F5171480-3828-47D9-B1EF-6D104BF2E12B}.Release|Any CPU.Build.0 = Release|Any CPU
		{E1FC69CB-8DF5-4630-ADE3-163871370B61}.Debug|Any CPU.ActiveCfg = Debug|Any CPU
		{E1FC69CB-8DF5-4630-ADE3-163871370B61}.Debug|Any CPU.Build.0 = Debug|Any CPU
		{E1FC69CB-8DF5-4630-ADE3-163871370B61}.Release|Any CPU.ActiveCfg = Release|Any CPU
		{E1FC69CB-8DF5-4630-ADE3-163871370B61}.Release|Any CPU.Build.0 = Release|Any CPU
	EndGlobalSection
	GlobalSection(SolutionProperties) = preSolution
		HideSolutionNode = FALSE
	EndGlobalSection
	GlobalSection(ExtensibilityGlobals) = postSolution
		SolutionGuid = {4479B8B0-7FA2-4BC0-A379-14A25C357551}
	EndGlobalSection
EndGlobal
