
Microsoft Visual Studio Solution File, Format Version 12.00
# Visual Studio Version 17
VisualStudioVersion = 17.7.34031.279
MinimumVisualStudioVersion = 10.0.40219.1
Project("{FAE04EC0-301F-11D3-BF4B-00C04F79EFBC}") = "Tp4Ex3", "Tp4Ex3.csproj", "{95CA33BB-3D7C-4972-82C7-F28E92044016}"
EndProject
Global
	GlobalSection(SolutionConfigurationPlatforms) = preSolution
		Debug|Any CPU = Debug|Any CPU
		Release|Any CPU = Release|Any CPU
	EndGlobalSection
	GlobalSection(ProjectConfigurationPlatforms) = postSolution
		{95CA33BB-3D7C-4972-82C7-F28E92044016}.Debug|Any CPU.ActiveCfg = Debug|Any CPU
		{95CA33BB-3D7C-4972-82C7-F28E92044016}.Debug|Any CPU.Build.0 = Debug|Any CPU
		{95CA33BB-3D7C-4972-82C7-F28E92044016}.Release|Any CPU.ActiveCfg = Release|Any CPU
		{95CA33BB-3D7C-4972-82C7-F28E92044016}.Release|Any CPU.Build.0 = Release|Any CPU
	EndGlobalSection
	GlobalSection(SolutionProperties) = preSolution
		HideSolutionNode = FALSE
	EndGlobalSection
	GlobalSection(ExtensibilityGlobals) = postSolution
		SolutionGuid = {9FE5E86E-342D-4F70-88DC-684CE0C5B277}
	EndGlobalSection
EndGlobal
