
Microsoft Visual Studio Solution File, Format Version 12.00
# Visual Studio Version 17
VisualStudioVersion = 17.7.34031.279
MinimumVisualStudioVersion = 10.0.40219.1
Project("{FAE04EC0-301F-11D3-BF4B-00C04F79EFBC}") = "tp3ex4", "tp3ex4.csproj", "{676D913B-FDE6-40FB-AE43-BE6F14712221}"
EndProject
Global
	GlobalSection(SolutionConfigurationPlatforms) = preSolution
		Debug|Any CPU = Debug|Any CPU
		Release|Any CPU = Release|Any CPU
	EndGlobalSection
	GlobalSection(ProjectConfigurationPlatforms) = postSolution
		{676D913B-FDE6-40FB-AE43-BE6F14712221}.Debug|Any CPU.ActiveCfg = Debug|Any CPU
		{676D913B-FDE6-40FB-AE43-BE6F14712221}.Debug|Any CPU.Build.0 = Debug|Any CPU
		{676D913B-FDE6-40FB-AE43-BE6F14712221}.Release|Any CPU.ActiveCfg = Release|Any CPU
		{676D913B-FDE6-40FB-AE43-BE6F14712221}.Release|Any CPU.Build.0 = Release|Any CPU
	EndGlobalSection
	GlobalSection(SolutionProperties) = preSolution
		HideSolutionNode = FALSE
	EndGlobalSection
	GlobalSection(ExtensibilityGlobals) = postSolution
		SolutionGuid = {10B078AF-91BB-408D-824B-7A3250A51DAD}
	EndGlobalSection
EndGlobal
