
Microsoft Visual Studio Solution File, Format Version 12.00
# Visual Studio Version 17
VisualStudioVersion = 17.7.34031.279
MinimumVisualStudioVersion = 10.0.40219.1
Project("{FAE04EC0-301F-11D3-BF4B-00C04F79EFBC}") = "ex4", "ex4\ex4.csproj", "{C646C96B-9430-4730-BF83-5F7F33D122E5}"
EndProject
Global
	GlobalSection(SolutionConfigurationPlatforms) = preSolution
		Debug|Any CPU = Debug|Any CPU
		Release|Any CPU = Release|Any CPU
	EndGlobalSection
	GlobalSection(ProjectConfigurationPlatforms) = postSolution
		{C646C96B-9430-4730-BF83-5F7F33D122E5}.Debug|Any CPU.ActiveCfg = Debug|Any CPU
		{C646C96B-9430-4730-BF83-5F7F33D122E5}.Debug|Any CPU.Build.0 = Debug|Any CPU
		{C646C96B-9430-4730-BF83-5F7F33D122E5}.Release|Any CPU.ActiveCfg = Release|Any CPU
		{C646C96B-9430-4730-BF83-5F7F33D122E5}.Release|Any CPU.Build.0 = Release|Any CPU
	EndGlobalSection
	GlobalSection(SolutionProperties) = preSolution
		HideSolutionNode = FALSE
	EndGlobalSection
	GlobalSection(ExtensibilityGlobals) = postSolution
		SolutionGuid = {1457AE40-1EEF-4500-BD95-02137F289527}
	EndGlobalSection
EndGlobal
